
Microsoft Visual Studio Solution File, Format Version 12.00
# Visual Studio Version 16
VisualStudioVersion = 16.0.29911.84
MinimumVisualStudioVersion = 10.0.40219.1
Project("{FAE04EC0-301F-11D3-BF4B-00C04F79EFBC}") = "My EShop 2", "My EShop 2\My EShop 2.csproj", "{396E93EA-F85B-4466-98DA-9FEAF0C1EE15}"
EndProject
Global
	GlobalSection(SolutionConfigurationPlatforms) = preSolution
		Debug|Any CPU = Debug|Any CPU
		Release|Any CPU = Release|Any CPU
	EndGlobalSection
	GlobalSection(ProjectConfigurationPlatforms) = postSolution
		{396E93EA-F85B-4466-98DA-9FEAF0C1EE15}.Debug|Any CPU.ActiveCfg = Debug|Any CPU
		{396E93EA-F85B-4466-98DA-9FEAF0C1EE15}.Debug|Any CPU.Build.0 = Debug|Any CPU
		{396E93EA-F85B-4466-98DA-9FEAF0C1EE15}.Release|Any CPU.ActiveCfg = Release|Any CPU
		{396E93EA-F85B-4466-98DA-9FEAF0C1EE15}.Release|Any CPU.Build.0 = Release|Any CPU
	EndGlobalSection
	GlobalSection(SolutionProperties) = preSolution
		HideSolutionNode = FALSE
	EndGlobalSection
	GlobalSection(ExtensibilityGlobals) = postSolution
		SolutionGuid = {A0123EB5-BBAC-470B-82E2-154D6AB3EA0D}
	EndGlobalSection
EndGlobal
